
Microsoft Visual Studio Solution File, Format Version 12.00
# Visual Studio Version 17
VisualStudioVersion = 17.6.33815.320
MinimumVisualStudioVersion = 10.0.40219.1
Project("{FAE04EC0-301F-11D3-BF4B-00C04F79EFBC}") = "ATMIMPLEMANTATION", "ATMIMPLEMANTATION\ATMIMPLEMANTATION.csproj", "{EF0E6C84-C514-47FB-9F25-BBF46FE6978F}"
EndProject
Global
	GlobalSection(SolutionConfigurationPlatforms) = preSolution
		Debug|Any CPU = Debug|Any CPU
		Release|Any CPU = Release|Any CPU
	EndGlobalSection
	GlobalSection(ProjectConfigurationPlatforms) = postSolution
		{EF0E6C84-C514-47FB-9F25-BBF46FE6978F}.Debug|Any CPU.ActiveCfg = Debug|Any CPU
		{EF0E6C84-C514-47FB-9F25-BBF46FE6978F}.Debug|Any CPU.Build.0 = Debug|Any CPU
		{EF0E6C84-C514-47FB-9F25-BBF46FE6978F}.Release|Any CPU.ActiveCfg = Release|Any CPU
		{EF0E6C84-C514-47FB-9F25-BBF46FE6978F}.Release|Any CPU.Build.0 = Release|Any CPU
	EndGlobalSection
	GlobalSection(SolutionProperties) = preSolution
		HideSolutionNode = FALSE
	EndGlobalSection
	GlobalSection(ExtensibilityGlobals) = postSolution
		SolutionGuid = {4282A707-F77D-4233-B70E-E47F7BA40A34}
	EndGlobalSection
EndGlobal
